
Microsoft Visual Studio Solution File, Format Version 12.00
# Visual Studio Version 17
VisualStudioVersion = 17.14.36408.4 d17.14
MinimumVisualStudioVersion = 10.0.40219.1
Project("{FAE04EC0-301F-11D3-BF4B-00C04F79EFBC}") = "DailyReport", "DailyReport\DailyReport.csproj", "{6A029D1B-3C38-4F29-9AD8-FD5CC2197FFB}"
EndProject
Global
	GlobalSection(SolutionConfigurationPlatforms) = preSolution
		Debug|Any CPU = Debug|Any CPU
		Release|Any CPU = Release|Any CPU
	EndGlobalSection
	GlobalSection(ProjectConfigurationPlatforms) = postSolution
		{6A029D1B-3C38-4F29-9AD8-FD5CC2197FFB}.Debug|Any CPU.ActiveCfg = Debug|Any CPU
		{6A029D1B-3C38-4F29-9AD8-FD5CC2197FFB}.Debug|Any CPU.Build.0 = Debug|Any CPU
		{6A029D1B-3C38-4F29-9AD8-FD5CC2197FFB}.Release|Any CPU.ActiveCfg = Release|Any CPU
		{6A029D1B-3C38-4F29-9AD8-FD5CC2197FFB}.Release|Any CPU.Build.0 = Release|Any CPU
	EndGlobalSection
	GlobalSection(SolutionProperties) = preSolution
		HideSolutionNode = FALSE
	EndGlobalSection
	GlobalSection(ExtensibilityGlobals) = postSolution
		SolutionGuid = {9DB30C11-64B5-44B0-96EE-F1C3A650C98A}
	EndGlobalSection
EndGlobal
