
Microsoft Visual Studio Solution File, Format Version 12.00
# Visual Studio Version 17
VisualStudioVersion = 17.14.35906.104 d17.14
MinimumVisualStudioVersion = 10.0.40219.1
Project("{FAE04EC0-301F-11D3-BF4B-00C04F79EFBC}") = "Assigment.StringsAndIntergers", "Assigment.StringsAndIntergers.csproj", "{B28B6591-B6DB-40C7-B100-89059DF389D6}"
EndProject
Global
	GlobalSection(SolutionConfigurationPlatforms) = preSolution
		Debug|Any CPU = Debug|Any CPU
		Release|Any CPU = Release|Any CPU
	EndGlobalSection
	GlobalSection(ProjectConfigurationPlatforms) = postSolution
		{B28B6591-B6DB-40C7-B100-89059DF389D6}.Debug|Any CPU.ActiveCfg = Debug|Any CPU
		{B28B6591-B6DB-40C7-B100-89059DF389D6}.Debug|Any CPU.Build.0 = Debug|Any CPU
		{B28B6591-B6DB-40C7-B100-89059DF389D6}.Release|Any CPU.ActiveCfg = Release|Any CPU
		{B28B6591-B6DB-40C7-B100-89059DF389D6}.Release|Any CPU.Build.0 = Release|Any CPU
	EndGlobalSection
	GlobalSection(SolutionProperties) = preSolution
		HideSolutionNode = FALSE
	EndGlobalSection
	GlobalSection(ExtensibilityGlobals) = postSolution
		SolutionGuid = {D19EDB2E-1AFE-4ED3-8E31-57A41C4245E0}
	EndGlobalSection
EndGlobal
