
Microsoft Visual Studio Solution File, Format Version 12.00
# Visual Studio Version 17
VisualStudioVersion = 17.14.36511.14 d17.14
MinimumVisualStudioVersion = 10.0.40219.1
Project("{FAE04EC0-301F-11D3-BF4B-00C04F79EFBC}") = "Lambda", "Lambda\Lambda.csproj", "{D1E8487F-0C65-417F-866B-50B3427401CE}"
EndProject
Global
	GlobalSection(SolutionConfigurationPlatforms) = preSolution
		Debug|Any CPU = Debug|Any CPU
		Release|Any CPU = Release|Any CPU
	EndGlobalSection
	GlobalSection(ProjectConfigurationPlatforms) = postSolution
		{D1E8487F-0C65-417F-866B-50B3427401CE}.Debug|Any CPU.ActiveCfg = Debug|Any CPU
		{D1E8487F-0C65-417F-866B-50B3427401CE}.Debug|Any CPU.Build.0 = Debug|Any CPU
		{D1E8487F-0C65-417F-866B-50B3427401CE}.Release|Any CPU.ActiveCfg = Release|Any CPU
		{D1E8487F-0C65-417F-866B-50B3427401CE}.Release|Any CPU.Build.0 = Release|Any CPU
	EndGlobalSection
	GlobalSection(SolutionProperties) = preSolution
		HideSolutionNode = FALSE
	EndGlobalSection
	GlobalSection(ExtensibilityGlobals) = postSolution
		SolutionGuid = {07CE2AEE-AC51-497E-84ED-2FBBA63FE82A}
	EndGlobalSection
EndGlobal
