
Microsoft Visual Studio Solution File, Format Version 12.00
# Visual Studio Version 17
VisualStudioVersion = 17.14.36408.4 d17.14
MinimumVisualStudioVersion = 10.0.40219.1
Project("{FAE04EC0-301F-11D3-BF4B-00C04F79EFBC}") = "Income Comparison Calculator", "Income Comparison Calculator\Income Comparison Calculator.csproj", "{114FAF7B-B963-41F7-AD0E-6E17B456FF4E}"
EndProject
Global
	GlobalSection(SolutionConfigurationPlatforms) = preSolution
		Debug|Any CPU = Debug|Any CPU
		Release|Any CPU = Release|Any CPU
	EndGlobalSection
	GlobalSection(ProjectConfigurationPlatforms) = postSolution
		{114FAF7B-B963-41F7-AD0E-6E17B456FF4E}.Debug|Any CPU.ActiveCfg = Debug|Any CPU
		{114FAF7B-B963-41F7-AD0E-6E17B456FF4E}.Debug|Any CPU.Build.0 = Debug|Any CPU
		{114FAF7B-B963-41F7-AD0E-6E17B456FF4E}.Release|Any CPU.ActiveCfg = Release|Any CPU
		{114FAF7B-B963-41F7-AD0E-6E17B456FF4E}.Release|Any CPU.Build.0 = Release|Any CPU
	EndGlobalSection
	GlobalSection(SolutionProperties) = preSolution
		HideSolutionNode = FALSE
	EndGlobalSection
	GlobalSection(ExtensibilityGlobals) = postSolution
		SolutionGuid = {1B4D2DEF-DE40-4240-BF98-6E145C924361}
	EndGlobalSection
EndGlobal
