
Microsoft Visual Studio Solution File, Format Version 12.00
# Visual Studio Version 17
VisualStudioVersion = 17.14.35906.104 d17.14
MinimumVisualStudioVersion = 10.0.40219.1
Project("{FAE04EC0-301F-11D3-BF4B-00C04F79EFBC}") = "methods.Assigment", "methods.Assigment.csproj", "{617A3EAB-1F9E-4F13-9F88-A70954ECADAA}"
EndProject
Global
	GlobalSection(SolutionConfigurationPlatforms) = preSolution
		Debug|Any CPU = Debug|Any CPU
		Release|Any CPU = Release|Any CPU
	EndGlobalSection
	GlobalSection(ProjectConfigurationPlatforms) = postSolution
		{617A3EAB-1F9E-4F13-9F88-A70954ECADAA}.Debug|Any CPU.ActiveCfg = Debug|Any CPU
		{617A3EAB-1F9E-4F13-9F88-A70954ECADAA}.Debug|Any CPU.Build.0 = Debug|Any CPU
		{617A3EAB-1F9E-4F13-9F88-A70954ECADAA}.Release|Any CPU.ActiveCfg = Release|Any CPU
		{617A3EAB-1F9E-4F13-9F88-A70954ECADAA}.Release|Any CPU.Build.0 = Release|Any CPU
	EndGlobalSection
	GlobalSection(SolutionProperties) = preSolution
		HideSolutionNode = FALSE
	EndGlobalSection
	GlobalSection(ExtensibilityGlobals) = postSolution
		SolutionGuid = {6A6E6B7A-0A35-404D-BA7F-5B1276606486}
	EndGlobalSection
EndGlobal
