
Microsoft Visual Studio Solution File, Format Version 12.00
# Visual Studio Version 17
VisualStudioVersion = 17.14.36408.4 d17.14
MinimumVisualStudioVersion = 10.0.40219.1
Project("{FAE04EC0-301F-11D3-BF4B-00C04F79EFBC}") = "MethodSubmission.Assigment", "MethodSubmission.Assigment\MethodSubmission.Assigment.csproj", "{1FF8F0E8-C3F6-4C7F-98BB-BDF1039411BE}"
EndProject
Global
	GlobalSection(SolutionConfigurationPlatforms) = preSolution
		Debug|Any CPU = Debug|Any CPU
		Release|Any CPU = Release|Any CPU
	EndGlobalSection
	GlobalSection(ProjectConfigurationPlatforms) = postSolution
		{1FF8F0E8-C3F6-4C7F-98BB-BDF1039411BE}.Debug|Any CPU.ActiveCfg = Debug|Any CPU
		{1FF8F0E8-C3F6-4C7F-98BB-BDF1039411BE}.Debug|Any CPU.Build.0 = Debug|Any CPU
		{1FF8F0E8-C3F6-4C7F-98BB-BDF1039411BE}.Release|Any CPU.ActiveCfg = Release|Any CPU
		{1FF8F0E8-C3F6-4C7F-98BB-BDF1039411BE}.Release|Any CPU.Build.0 = Release|Any CPU
	EndGlobalSection
	GlobalSection(SolutionProperties) = preSolution
		HideSolutionNode = FALSE
	EndGlobalSection
	GlobalSection(ExtensibilityGlobals) = postSolution
		SolutionGuid = {52B4D3F8-61CF-4A43-9FDE-ADE63E75D72D}
	EndGlobalSection
EndGlobal
