
Microsoft Visual Studio Solution File, Format Version 12.00
# Visual Studio Version 17
VisualStudioVersion = 17.14.35906.104 d17.14
MinimumVisualStudioVersion = 10.0.40219.1
Project("{FAE04EC0-301F-11D3-BF4B-00C04F79EFBC}") = "Loops", "Loops.csproj", "{C0183C90-8B18-42E9-A5C3-30FF9CD8102E}"
EndProject
Global
	GlobalSection(SolutionConfigurationPlatforms) = preSolution
		Debug|Any CPU = Debug|Any CPU
		Release|Any CPU = Release|Any CPU
	EndGlobalSection
	GlobalSection(ProjectConfigurationPlatforms) = postSolution
		{C0183C90-8B18-42E9-A5C3-30FF9CD8102E}.Debug|Any CPU.ActiveCfg = Debug|Any CPU
		{C0183C90-8B18-42E9-A5C3-30FF9CD8102E}.Debug|Any CPU.Build.0 = Debug|Any CPU
		{C0183C90-8B18-42E9-A5C3-30FF9CD8102E}.Release|Any CPU.ActiveCfg = Release|Any CPU
		{C0183C90-8B18-42E9-A5C3-30FF9CD8102E}.Release|Any CPU.Build.0 = Release|Any CPU
	EndGlobalSection
	GlobalSection(SolutionProperties) = preSolution
		HideSolutionNode = FALSE
	EndGlobalSection
	GlobalSection(ExtensibilityGlobals) = postSolution
		SolutionGuid = {DBFA7A17-075F-4E52-89CA-3D4C55F84E39}
	EndGlobalSection
EndGlobal
