
Microsoft Visual Studio Solution File, Format Version 12.00
# Visual Studio Version 17
VisualStudioVersion = 17.14.36408.4 d17.14
MinimumVisualStudioVersion = 10.0.40219.1
Project("{FAE04EC0-301F-11D3-BF4B-00C04F79EFBC}") = "Iteration", "Iteration\Iteration.csproj", "{FDED83CC-D6CE-4410-9801-86054F813DE4}"
EndProject
Global
	GlobalSection(SolutionConfigurationPlatforms) = preSolution
		Debug|Any CPU = Debug|Any CPU
		Release|Any CPU = Release|Any CPU
	EndGlobalSection
	GlobalSection(ProjectConfigurationPlatforms) = postSolution
		{FDED83CC-D6CE-4410-9801-86054F813DE4}.Debug|Any CPU.ActiveCfg = Debug|Any CPU
		{FDED83CC-D6CE-4410-9801-86054F813DE4}.Debug|Any CPU.Build.0 = Debug|Any CPU
		{FDED83CC-D6CE-4410-9801-86054F813DE4}.Release|Any CPU.ActiveCfg = Release|Any CPU
		{FDED83CC-D6CE-4410-9801-86054F813DE4}.Release|Any CPU.Build.0 = Release|Any CPU
	EndGlobalSection
	GlobalSection(SolutionProperties) = preSolution
		HideSolutionNode = FALSE
	EndGlobalSection
	GlobalSection(ExtensibilityGlobals) = postSolution
		SolutionGuid = {DD41067B-C749-46C4-8328-2924203B8D9A}
	EndGlobalSection
EndGlobal
